{
  "name": "hexo-site",
  "version": "0.0.0",
  "lockfileVersion": 1,
  "requires": true,
  "dependencies": {
    "hexo": {
      "version": "3.3.7",
      "resolved": "https://registry.npmjs.org/hexo/-/hexo-3.3.7.tgz",
      "integrity": "sha1-HL8Fz9NncJKf7k+J/WRv6LR3z7k=",
      "dependencies": {
        "hexo-cli": {
          "version": "1.0.3",
          "resolved": "https://registry.npmjs.org/hexo-cli/-/hexo-cli-1.0.3.tgz",
          "integrity": "sha1-ZKoT7aNKAmHcM5Fx4HrRMe9hCsc=",
          "dependencies": {
            "hexo-fs": {
              "version": "0.2.0",
              "resolved": "https://registry.npmjs.org/hexo-fs/-/hexo-fs-0.2.0.tgz",
              "integrity": "sha1-U0qSeP35nYL1OsCXuDtOvFe3n+U="
            }
          }
        }
      }
    },
    "hexo-generator-archive": {
      "version": "0.1.3",
      "resolved": "https://registry.npmjs.org/hexo-generator-archive/-/hexo-generator-archive-0.1.3.tgz",
      "integrity": "sha1-Yb+y3CFJBEeHmAqCLbkeXB6DW0U=",
      "dependencies": {
        "hexo-pagination": {
          "version": "0.0.2",
          "resolved": "https://registry.npmjs.org/hexo-pagination/-/hexo-pagination-0.0.2.tgz",
          "integrity": "sha1-jPRwx9sN5bGKOSanbesZQBXffys=",
          "dependencies": {
            "utils-merge": {
              "version": "1.0.0",
              "resolved": "https://registry.npmjs.org/utils-merge/-/utils-merge-1.0.0.tgz",
              "integrity": "sha1-ApT7kiu5N1FTVBxPcJYjHyh8ivg="
            }
          }
        },
        "object-assign": {
          "version": "2.1.1",
          "resolved": "https://registry.npmjs.org/object-assign/-/object-assign-2.1.1.tgz",
          "integrity": "sha1-Q8NuXVaf+OSBbE76i+AtJpZ8GKo="
        }
      }
    },
    "hexo-generator-category": {
      "version": "0.1.3",
      "resolved": "https://registry.npmjs.org/hexo-generator-category/-/hexo-generator-category-0.1.3.tgz",
      "integrity": "sha1-uealhiUwqDvdfaTIGcG58+TMtLI=",
      "dependencies": {
        "hexo-pagination": {
          "version": "0.0.2",
          "resolved": "https://registry.npmjs.org/hexo-pagination/-/hexo-pagination-0.0.2.tgz",
          "integrity": "sha1-jPRwx9sN5bGKOSanbesZQBXffys=",
          "dependencies": {
            "utils-merge": {
              "version": "1.0.0",
              "resolved": "https://registry.npmjs.org/utils-merge/-/utils-merge-1.0.0.tgz",
              "integrity": "sha1-ApT7kiu5N1FTVBxPcJYjHyh8ivg="
            }
          }
        },
        "object-assign": {
          "version": "2.1.1",
          "resolved": "https://registry.npmjs.org/object-assign/-/object-assign-2.1.1.tgz",
          "integrity": "sha1-Q8NuXVaf+OSBbE76i+AtJpZ8GKo="
        }
      }
    },
    "hexo-generator-index": {
      "version": "0.1.3",
      "resolved": "https://registry.npmjs.org/hexo-generator-index/-/hexo-generator-index-0.1.3.tgz",
      "integrity": "sha1-i4Xp7XEKjjqjAebCfgWO5kCH5Q4=",
      "dependencies": {
        "hexo-pagination": {
          "version": "0.0.2",
          "resolved": "https://registry.npmjs.org/hexo-pagination/-/hexo-pagination-0.0.2.tgz",
          "integrity": "sha1-jPRwx9sN5bGKOSanbesZQBXffys=",
          "dependencies": {
            "utils-merge": {
              "version": "1.0.0",
              "resolved": "https://registry.npmjs.org/utils-merge/-/utils-merge-1.0.0.tgz",
              "integrity": "sha1-ApT7kiu5N1FTVBxPcJYjHyh8ivg="
            }
          }
        },
        "object-assign": {
          "version": "2.1.1",
          "resolved": "https://registry.npmjs.org/object-assign/-/object-assign-2.1.1.tgz",
          "integrity": "sha1-Q8NuXVaf+OSBbE76i+AtJpZ8GKo="
        }
      }
    },
    "hexo-generator-tag": {
      "version": "0.1.2",
      "resolved": "https://registry.npmjs.org/hexo-generator-tag/-/hexo-generator-tag-0.1.2.tgz",
      "integrity": "sha1-7Dx08O0s767q//Frw4FeSZUYqYI=",
      "dependencies": {
        "hexo-pagination": {
          "version": "0.0.2",
          "resolved": "https://registry.npmjs.org/hexo-pagination/-/hexo-pagination-0.0.2.tgz",
          "integrity": "sha1-jPRwx9sN5bGKOSanbesZQBXffys=",
          "dependencies": {
            "utils-merge": {
              "version": "1.0.0",
              "resolved": "https://registry.npmjs.org/utils-merge/-/utils-merge-1.0.0.tgz",
              "integrity": "sha1-ApT7kiu5N1FTVBxPcJYjHyh8ivg="
            }
          }
        },
        "object-assign": {
          "version": "2.1.1",
          "resolved": "https://registry.npmjs.org/object-assign/-/object-assign-2.1.1.tgz",
          "integrity": "sha1-Q8NuXVaf+OSBbE76i+AtJpZ8GKo="
        }
      }
    },
    "hexo-renderer-ejs": {
      "version": "0.1.1",
      "resolved": "https://registry.npmjs.org/hexo-renderer-ejs/-/hexo-renderer-ejs-0.1.1.tgz",
      "integrity": "sha1-QV0voz2ZUHUmpdCjceNoBnibFyw="
    },
    "hexo-renderer-marked": {
      "version": "0.2.11",
      "resolved": "https://registry.npmjs.org/hexo-renderer-marked/-/hexo-renderer-marked-0.2.11.tgz",
      "integrity": "sha1-Mv04gNPDl5/XuAFewSGmxE/0n4Q="
    },
    "hexo-renderer-stylus": {
      "version": "0.2.3",
      "resolved": "https://registry.npmjs.org/hexo-renderer-stylus/-/hexo-renderer-stylus-0.2.3.tgz",
      "integrity": "sha1-AyruxRxHzDlU6fxDyg7Co9CNDq0="
    },
    "hexo-server": {
      "version": "0.1.2",
      "resolved": "https://registry.npmjs.org/hexo-server/-/hexo-server-0.1.2.tgz",
      "integrity": "sha1-18iGaU9o7q0KLHRswCiwmafJQhM=",
      "dependencies": {
        "bluebird": {
          "version": "2.9.32",
          "resolved": "https://registry.npmjs.org/bluebird/-/bluebird-2.9.32.tgz",
          "integrity": "sha1-eEWq8oITV1lbpriLD1ZcFLplgOw="
        },
        "chalk": {
          "version": "0.5.1",
          "resolved": "https://registry.npmjs.org/chalk/-/chalk-0.5.1.tgz",
          "integrity": "sha1-Zjs6ZItotV0EaQ1JFnqoN4WPIXQ=",
          "dependencies": {
            "ansi-styles": {
              "version": "1.1.0",
              "resolved": "https://registry.npmjs.org/ansi-styles/-/ansi-styles-1.1.0.tgz",
              "integrity": "sha1-6uy/Zs1waIJ2Cy9GkVgrj1XXp94="
            },
            "escape-string-regexp": {
              "version": "1.0.3",
              "resolved": "https://registry.npmjs.org/escape-string-regexp/-/escape-string-regexp-1.0.3.tgz",
              "integrity": "sha1-ni2LJbwlVcMzZyN1DgPwmcJzW7U="
            },
            "has-ansi": {
              "version": "0.1.0",
              "resolved": "https://registry.npmjs.org/has-ansi/-/has-ansi-0.1.0.tgz",
              "integrity": "sha1-hPJlqujA5qiKEtcCKJS3VoiUxi4=",
              "dependencies": {
                "ansi-regex": {
                  "version": "0.2.1",
                  "resolved": "https://registry.npmjs.org/ansi-regex/-/ansi-regex-0.2.1.tgz",
                  "integrity": "sha1-DY6UaWej2BQ/k+JOKYUl/BsiNfk="
                }
              }
            },
            "strip-ansi": {
              "version": "0.3.0",
              "resolved": "https://registry.npmjs.org/strip-ansi/-/strip-ansi-0.3.0.tgz",
              "integrity": "sha1-JfSOoiynkYfzF0pNuHWTR7sSYiA=",
              "dependencies": {
                "ansi-regex": {
                  "version": "0.2.1",
                  "resolved": "https://registry.npmjs.org/ansi-regex/-/ansi-regex-0.2.1.tgz",
                  "integrity": "sha1-DY6UaWej2BQ/k+JOKYUl/BsiNfk="
                }
              }
            },
            "supports-color": {
              "version": "0.2.0",
              "resolved": "https://registry.npmjs.org/supports-color/-/supports-color-0.2.0.tgz",
              "integrity": "sha1-2S3iaU6z9nMjlz1649i1W0wiGQo="
            }
          }
        },
        "compression": {
          "version": "1.5.1",
          "resolved": "https://registry.npmjs.org/compression/-/compression-1.5.1.tgz",
          "integrity": "sha1-7Y1C/IbL4Jsdd1sMDBtI2+yCObo=",
          "dependencies": {
            "accepts": {
              "version": "1.2.10",
              "resolved": "https://registry.npmjs.org/accepts/-/accepts-1.2.10.tgz",
              "integrity": "sha1-+CXxUcCWCRSIFiW+hF0ElAaR72k=",
              "dependencies": {
                "mime-types": {
                  "version": "2.1.2",
                  "resolved": "https://registry.npmjs.org/mime-types/-/mime-types-2.1.2.tgz",
                  "integrity": "sha1-ZUXM2Vr+d7nGVdgcLmzqzjYlcic=",
                  "dependencies": {
                    "mime-db": {
                      "version": "1.14.0",
                      "resolved": "https://registry.npmjs.org/mime-db/-/mime-db-1.14.0.tgz",
                      "integrity": "sha1-1WHxC27mbbUflK5leilRp0IX7YM="
                    }
                  }
                },
                "negotiator": {
                  "version": "0.5.3",
                  "resolved": "https://registry.npmjs.org/negotiator/-/negotiator-0.5.3.tgz",
                  "integrity": "sha1-Jp1cR2gQ7JLtvntsLygxY4T5p+g="
                }
              }
            },
            "bytes": {
              "version": "2.1.0",
              "resolved": "https://registry.npmjs.org/bytes/-/bytes-2.1.0.tgz",
              "integrity": "sha1-rJPEEOL/ycx89LRks4KJBn9eR7Q="
            },
            "compressible": {
              "version": "2.0.4",
              "resolved": "https://registry.npmjs.org/compressible/-/compressible-2.0.4.tgz",
              "integrity": "sha1-TYCZ6Ir9D/v3x4/RaZHZrAYKlPY=",
              "dependencies": {
                "mime-db": {
                  "version": "1.14.0",
                  "resolved": "https://registry.npmjs.org/mime-db/-/mime-db-1.14.0.tgz",
                  "integrity": "sha1-1WHxC27mbbUflK5leilRp0IX7YM="
                }
              }
            },
            "debug": {
              "version": "2.2.0",
              "resolved": "https://registry.npmjs.org/debug/-/debug-2.2.0.tgz",
              "integrity": "sha1-+HBX6ZWxofauaklgZkE3vFbwOdo=",
              "dependencies": {
                "ms": {
                  "version": "0.7.1",
                  "resolved": "https://registry.npmjs.org/ms/-/ms-0.7.1.tgz",
                  "integrity": "sha1-nNE8A62/8ltl7/3nzoZO6VIBcJg="
                }
              }
            },
            "on-headers": {
              "version": "1.0.0",
              "resolved": "https://registry.npmjs.org/on-headers/-/on-headers-1.0.0.tgz",
              "integrity": "sha1-LHW12kN1UT0BYcYFLn/L5JU/yl0="
            },
            "vary": {
              "version": "1.0.1",
              "resolved": "https://registry.npmjs.org/vary/-/vary-1.0.1.tgz",
              "integrity": "sha1-meSYFWaihhGN+yuBc1ffeZM3bRA="
            }
          }
        },
        "connect": {
          "version": "3.4.0",
          "resolved": "https://registry.npmjs.org/connect/-/connect-3.4.0.tgz",
          "integrity": "sha1-7oeJo71GBL/aOdvPHTu0gt/mzyQ=",
          "dependencies": {
            "debug": {
              "version": "2.2.0",
              "resolved": "https://registry.npmjs.org/debug/-/debug-2.2.0.tgz",
              "integrity": "sha1-+HBX6ZWxofauaklgZkE3vFbwOdo=",
              "dependencies": {
                "ms": {
                  "version": "0.7.1",
                  "resolved": "https://registry.npmjs.org/ms/-/ms-0.7.1.tgz",
                  "integrity": "sha1-nNE8A62/8ltl7/3nzoZO6VIBcJg="
                }
              }
            },
            "finalhandler": {
              "version": "0.4.0",
              "resolved": "https://registry.npmjs.org/finalhandler/-/finalhandler-0.4.0.tgz",
              "integrity": "sha1-llpS2ejQXSuFdUhUH7ibU6JJfZs=",
              "dependencies": {
                "escape-html": {
                  "version": "1.0.2",
                  "resolved": "https://registry.npmjs.org/escape-html/-/escape-html-1.0.2.tgz",
                  "integrity": "sha1-130y+pjjjC9BroXpJ44ODmuhAiw="
                },
                "on-finished": {
                  "version": "2.3.0",
                  "resolved": "https://registry.npmjs.org/on-finished/-/on-finished-2.3.0.tgz",
                  "integrity": "sha1-IPEzZIGwg811M3mSoWlxqi2QaUc=",
                  "dependencies": {
                    "ee-first": {
                      "version": "1.1.1",
                      "resolved": "https://registry.npmjs.org/ee-first/-/ee-first-1.1.1.tgz",
                      "integrity": "sha1-WQxhFWsK4vTwJVcyoViyZrxWsh0="
                    }
                  }
                },
                "unpipe": {
                  "version": "1.0.0",
                  "resolved": "https://registry.npmjs.org/unpipe/-/unpipe-1.0.0.tgz",
                  "integrity": "sha1-sr9O6FFKrmFltIF4KdIbLvSZBOw="
                }
              }
            },
            "parseurl": {
              "version": "1.3.0",
              "resolved": "https://registry.npmjs.org/parseurl/-/parseurl-1.3.0.tgz",
              "integrity": "sha1-tYBG20Ij4UWvp2AJ5hush8wigbM="
            },
            "utils-merge": {
              "version": "1.0.0",
              "resolved": "https://registry.npmjs.org/utils-merge/-/utils-merge-1.0.0.tgz",
              "integrity": "sha1-ApT7kiu5N1FTVBxPcJYjHyh8ivg="
            }
          }
        },
        "mime": {
          "version": "1.3.4",
          "resolved": "https://registry.npmjs.org/mime/-/mime-1.3.4.tgz",
          "integrity": "sha1-EV+eO2s9rylZmDyzjxSaLUDrXVM="
        },
        "morgan": {
          "version": "1.6.1",
          "resolved": "https://registry.npmjs.org/morgan/-/morgan-1.6.1.tgz",
          "integrity": "sha1-X9gYOYxoGcuiinzWZk8pL+HAu/I=",
          "dependencies": {
            "basic-auth": {
              "version": "1.0.3",
              "resolved": "https://registry.npmjs.org/basic-auth/-/basic-auth-1.0.3.tgz",
              "integrity": "sha1-QfVVI+WJQFA47jVnlYxipe1wVRo="
            },
            "debug": {
              "version": "2.2.0",
              "resolved": "https://registry.npmjs.org/debug/-/debug-2.2.0.tgz",
              "integrity": "sha1-+HBX6ZWxofauaklgZkE3vFbwOdo=",
              "dependencies": {
                "ms": {
                  "version": "0.7.1",
                  "resolved": "https://registry.npmjs.org/ms/-/ms-0.7.1.tgz",
                  "integrity": "sha1-nNE8A62/8ltl7/3nzoZO6VIBcJg="
                }
              }
            },
            "depd": {
              "version": "1.0.1",
              "resolved": "https://registry.npmjs.org/depd/-/depd-1.0.1.tgz",
              "integrity": "sha1-gK7GTJ1tl+ZcwqnKqTwKpqv3Oqo="
            },
            "on-finished": {
              "version": "2.3.0",
              "resolved": "https://registry.npmjs.org/on-finished/-/on-finished-2.3.0.tgz",
              "integrity": "sha1-IPEzZIGwg811M3mSoWlxqi2QaUc=",
              "dependencies": {
                "ee-first": {
                  "version": "1.1.1",
                  "resolved": "https://registry.npmjs.org/ee-first/-/ee-first-1.1.1.tgz",
                  "integrity": "sha1-WQxhFWsK4vTwJVcyoViyZrxWsh0="
                }
              }
            },
            "on-headers": {
              "version": "1.0.0",
              "resolved": "https://registry.npmjs.org/on-headers/-/on-headers-1.0.0.tgz",
              "integrity": "sha1-LHW12kN1UT0BYcYFLn/L5JU/yl0="
            }
          }
        },
        "object-assign": {
          "version": "2.1.1",
          "resolved": "https://registry.npmjs.org/object-assign/-/object-assign-2.1.1.tgz",
          "integrity": "sha1-Q8NuXVaf+OSBbE76i+AtJpZ8GKo="
        },
        "open": {
          "version": "0.0.5",
          "resolved": "https://registry.npmjs.org/open/-/open-0.0.5.tgz",
          "integrity": "sha1-QsPhjslUZra/DcQvOilFw/DK2Pw="
        },
        "serve-static": {
          "version": "1.10.0",
          "resolved": "https://registry.npmjs.org/serve-static/-/serve-static-1.10.0.tgz",
          "integrity": "sha1-vmMvqmhYIOSkPtPfE3kTXMTzcNc=",
          "dependencies": {
            "escape-html": {
              "version": "1.0.2",
              "resolved": "https://registry.npmjs.org/escape-html/-/escape-html-1.0.2.tgz",
              "integrity": "sha1-130y+pjjjC9BroXpJ44ODmuhAiw="
            },
            "parseurl": {
              "version": "1.3.0",
              "resolved": "https://registry.npmjs.org/parseurl/-/parseurl-1.3.0.tgz",
              "integrity": "sha1-tYBG20Ij4UWvp2AJ5hush8wigbM="
            },
            "send": {
              "version": "0.13.0",
              "resolved": "https://registry.npmjs.org/send/-/send-0.13.0.tgz",
              "integrity": "sha1-UY+SGusFYK7H3KspkLFM9vPM5d4=",
              "dependencies": {
                "debug": {
                  "version": "2.2.0",
                  "resolved": "https://registry.npmjs.org/debug/-/debug-2.2.0.tgz",
                  "integrity": "sha1-+HBX6ZWxofauaklgZkE3vFbwOdo="
                },
                "depd": {
                  "version": "1.0.1",
                  "resolved": "https://registry.npmjs.org/depd/-/depd-1.0.1.tgz",
                  "integrity": "sha1-gK7GTJ1tl+ZcwqnKqTwKpqv3Oqo="
                },
                "destroy": {
                  "version": "1.0.3",
                  "resolved": "https://registry.npmjs.org/destroy/-/destroy-1.0.3.tgz",
                  "integrity": "sha1-tDO0ck5x/YVR2YhRdIUcX8N34sk="
                },
                "etag": {
                  "version": "1.7.0",
                  "resolved": "https://registry.npmjs.org/etag/-/etag-1.7.0.tgz",
                  "integrity": "sha1-A9MLX2fdbmMtKUXTDWZScxo01dg="
                },
                "fresh": {
                  "version": "0.3.0",
                  "resolved": "https://registry.npmjs.org/fresh/-/fresh-0.3.0.tgz",
                  "integrity": "sha1-ZR+DjiJCTnVm3hYdg1jKoZn4PU8="
                },
                "http-errors": {
                  "version": "1.3.1",
                  "resolved": "https://registry.npmjs.org/http-errors/-/http-errors-1.3.1.tgz",
                  "integrity": "sha1-GX4izevUGYWF6GlO9nhhl7ke2UI=",
                  "dependencies": {
                    "inherits": {
                      "version": "2.0.1",
                      "resolved": "https://registry.npmjs.org/inherits/-/inherits-2.0.1.tgz",
                      "integrity": "sha1-sX0I0ya0Qj5Wjv9xn5GwscvfafE="
                    }
                  }
                },
                "ms": {
                  "version": "0.7.1",
                  "resolved": "https://registry.npmjs.org/ms/-/ms-0.7.1.tgz",
                  "integrity": "sha1-nNE8A62/8ltl7/3nzoZO6VIBcJg="
                },
                "on-finished": {
                  "version": "2.3.0",
                  "resolved": "https://registry.npmjs.org/on-finished/-/on-finished-2.3.0.tgz",
                  "integrity": "sha1-IPEzZIGwg811M3mSoWlxqi2QaUc=",
                  "dependencies": {
                    "ee-first": {
                      "version": "1.1.1",
                      "resolved": "https://registry.npmjs.org/ee-first/-/ee-first-1.1.1.tgz",
                      "integrity": "sha1-WQxhFWsK4vTwJVcyoViyZrxWsh0="
                    }
                  }
                },
                "range-parser": {
                  "version": "1.0.2",
                  "resolved": "https://registry.npmjs.org/range-parser/-/range-parser-1.0.2.tgz",
                  "integrity": "sha1-BqEqQuUTG6jkV82JIESGfyNE5Uk="
                },
                "statuses": {
                  "version": "1.2.1",
                  "resolved": "https://registry.npmjs.org/statuses/-/statuses-1.2.1.tgz",
                  "integrity": "sha1-3e1FzBglbVHtQK7BQkidXGECbSg="
                }
              }
            }
          }
        }
      }
    }
  }
}
